
Microsoft Visual Studio Solution File, Format Version 12.00
# Visual Studio Version 17
VisualStudioVersion = 17.14.36121.58
MinimumVisualStudioVersion = 10.0.40219.1
Project("{F2A71F9B-5D33-465A-A702-920D77279786}") = "DarkChampAscent", "DarkChampAscent\DarkChampAscent.fsproj", "{3113BF1C-A22D-479F-A916-A33538C6DD3A}"
EndProject
Project("{F2A71F9B-5D33-465A-A702-920D77279786}") = "0GameLogic", "0GameLogic\0GameLogic.fsproj", "{FB58FB49-068E-41E4-BDC6-D81E5A2E0DC5}"
EndProject
Project("{F2A71F9B-5D33-465A-A702-920D77279786}") = "1GameLogicTests", "1GameLogicTests\1GameLogicTests.fsproj", "{B51BBDCB-6D1C-4B45-AE5F-FA482F89277F}"
EndProject
Project("{2150E333-8FDC-42A3-9474-1A3956D46DE8}") = "Solution Items", "Solution Items", "{8EC462FD-D22E-90A8-E5CE-7E832BA40C5D}"
	ProjectSection(SolutionItems) = preProject
		.gitignore = .gitignore
		Introduction.md = Introduction.md
		LICENSE = LICENSE
		README.md = README.md
	EndProjectSection
EndProject
Global
	GlobalSection(SolutionConfigurationPlatforms) = preSolution
		Debug|Any CPU = Debug|Any CPU
		Release|Any CPU = Release|Any CPU
	EndGlobalSection
	GlobalSection(ProjectConfigurationPlatforms) = postSolution
		{3113BF1C-A22D-479F-A916-A33538C6DD3A}.Debug|Any CPU.ActiveCfg = Debug|Any CPU
		{3113BF1C-A22D-479F-A916-A33538C6DD3A}.Debug|Any CPU.Build.0 = Debug|Any CPU
		{3113BF1C-A22D-479F-A916-A33538C6DD3A}.Release|Any CPU.ActiveCfg = Release|Any CPU
		{3113BF1C-A22D-479F-A916-A33538C6DD3A}.Release|Any CPU.Build.0 = Release|Any CPU
		{FB58FB49-068E-41E4-BDC6-D81E5A2E0DC5}.Debug|Any CPU.ActiveCfg = Debug|Any CPU
		{FB58FB49-068E-41E4-BDC6-D81E5A2E0DC5}.Debug|Any CPU.Build.0 = Debug|Any CPU
		{FB58FB49-068E-41E4-BDC6-D81E5A2E0DC5}.Release|Any CPU.ActiveCfg = Release|Any CPU
		{FB58FB49-068E-41E4-BDC6-D81E5A2E0DC5}.Release|Any CPU.Build.0 = Release|Any CPU
		{B51BBDCB-6D1C-4B45-AE5F-FA482F89277F}.Debug|Any CPU.ActiveCfg = Debug|Any CPU
		{B51BBDCB-6D1C-4B45-AE5F-FA482F89277F}.Debug|Any CPU.Build.0 = Debug|Any CPU
		{B51BBDCB-6D1C-4B45-AE5F-FA482F89277F}.Release|Any CPU.ActiveCfg = Release|Any CPU
		{B51BBDCB-6D1C-4B45-AE5F-FA482F89277F}.Release|Any CPU.Build.0 = Release|Any CPU
	EndGlobalSection
	GlobalSection(SolutionProperties) = preSolution
		HideSolutionNode = FALSE
	EndGlobalSection
	GlobalSection(ExtensibilityGlobals) = postSolution
		SolutionGuid = {55211B95-E4DA-4EA0-B162-2363FBF929D1}
	EndGlobalSection
EndGlobal
